<?xml version="1.0" encoding="utf-8"?>
<Project ToolsVersion="4.0" xmlns="http://schemas.microsoft.com/developer/msbuild/2003">
  <ItemGroup>
    <Filter Include="Source Files">
      <UniqueIdentifier>{4FC737F1-C7A5-4376-A066-2A32D752A2FF}</UniqueIdentifier>
      <Extensions>cpp;c;cc;cxx;def;odl;idl;hpj;bat;asm;asmx</Extensions>
    </Filter>
    <Filter Include="Header Files">
      <UniqueIdentifier>{93995380-89BD-4b04-88EB-625FBE52EBFB}</UniqueIdentifier>
      <Extensions>h;hh;hpp;hxx;hm;inl;inc;xsd</Extensions>
    </Filter>
    <Filter Include="Resource Files">
      <UniqueIdentifier>{67DA6AB6-F800-4c08-8B7A-83BB121AAD01}</UniqueIdentifier>
      <Extensions>rc;ico;cur;bmp;dlg;rc2;rct;bin;rgs;gif;jpg;jpeg;jpe;resx;tiff;tif;png;wav;mfcribbon-ms</Extensions>
    </Filter>
  </ItemGroup>
  <ItemGroup>
    <ClCompile Include="src\Prediction\Instances\InstanceParser.cpp">
      <Filter>Source Files</Filter>
    </ClCompile>
    <ClCompile Include="src\Run\Melt.cpp">
      <Filter>Source Files</Filter>
    </ClCompile>
    <ClCompile Include="test\test_fastrank_classification.cc">
      <Filter>Source Files</Filter>
    </ClCompile>
    <ClCompile Include="test\test_normalize.cc">
      <Filter>Source Files</Filter>
    </ClCompile>
    <ClCompile Include="test\test_parse_input.cc">
      <Filter>Source Files</Filter>
    </ClCompile>
    <ClCompile Include="test\test_vector.cc">
      <Filter>Source Files</Filter>
    </ClCompile>
    <ClCompile Include="src\Prediction\Trainers\LinearSVM.cpp">
      <Filter>Source Files</Filter>
    </ClCompile>
    <ClCompile Include="test\test_seralize.cc">
      <Filter>Source Files</Filter>
    </ClCompile>
    <ClCompile Include="tools\calibrate.cc">
      <Filter>Source Files</Filter>
    </ClCompile>
    <ClCompile Include="test\test_fastrank_loadtlc.cc">
      <Filter>Source Files</Filter>
    </ClCompile>
    <ClCompile Include="tools\predict.cc">
      <Filter>Source Files</Filter>
    </ClCompile>
    <ClCompile Include="tools\fastrank_predict.cc">
      <Filter>Source Files</Filter>
    </ClCompile>
    <ClCompile Include="tools\fastrank_text2bin.cc">
      <Filter>Source Files</Filter>
    </ClCompile>
    <ClCompile Include="src\Wrapper\PredictorFactory.cpp">
      <Filter>Source Files</Filter>
    </ClCompile>
    <ClCompile Include="test\test_shared_predictors.cc">
      <Filter>Source Files</Filter>
    </ClCompile>
    <ClCompile Include="src\PythonWrapper\Predictor.cpp">
      <Filter>Source Files</Filter>
    </ClCompile>
    <ClCompile Include="src\PythonWrapper\PredictorFactory.cpp">
      <Filter>Source Files</Filter>
    </ClCompile>
    <ClCompile Include="test\test_bins.cc">
      <Filter>Source Files</Filter>
    </ClCompile>
    <ClCompile Include="tools3\fastrank_predict.cc">
      <Filter>Source Files</Filter>
    </ClCompile>
    <ClCompile Include="src\Simple\Predictor.cpp">
      <Filter>Source Files</Filter>
    </ClCompile>
    <ClCompile Include="src\Simple\PredictorFactory.cpp">
      <Filter>Source Files</Filter>
    </ClCompile>
  </ItemGroup>
  <ItemGroup>
    <ClInclude Include="include\MLCore\IPredictor.h">
      <Filter>Header Files</Filter>
    </ClInclude>
    <ClInclude Include="include\MLCore\ITrainer.h">
      <Filter>Header Files</Filter>
    </ClInclude>
    <ClInclude Include="include\MLCore\ITrainerFactory.h">
      <Filter>Header Files</Filter>
    </ClInclude>
    <ClInclude Include="include\Numeric\Vector\Vector.h">
      <Filter>Header Files</Filter>
    </ClInclude>
    <ClInclude Include="include\Prediction\Instances\HeaderSchema.h">
      <Filter>Header Files</Filter>
    </ClInclude>
    <ClInclude Include="include\Prediction\Instances\Instance.h">
      <Filter>Header Files</Filter>
    </ClInclude>
    <ClInclude Include="include\Prediction\Instances\InstanceParser.h">
      <Filter>Header Files</Filter>
    </ClInclude>
    <ClInclude Include="include\Prediction\Instances\Instances.h">
      <Filter>Header Files</Filter>
    </ClInclude>
    <ClInclude Include="include\Predictors\FastRank\FastRankClassification.h">
      <Filter>Header Files</Filter>
    </ClInclude>
    <ClInclude Include="include\Predictors\FastRank\FastRankRanking.h">
      <Filter>Header Files</Filter>
    </ClInclude>
    <ClInclude Include="include\Predictors\FastRank\FastRankRegression.h">
      <Filter>Header Files</Filter>
    </ClInclude>
    <ClInclude Include="include\Run\CVFoldCreator.h">
      <Filter>Header Files</Filter>
    </ClInclude>
    <ClInclude Include="include\Run\MeltArguments.h">
      <Filter>Header Files</Filter>
    </ClInclude>
    <ClInclude Include="include\Run\Melt.h">
      <Filter>Header Files</Filter>
    </ClInclude>
    <ClInclude Include="include\Prediction\Normalization\AffineNormalizer.h">
      <Filter>Header Files</Filter>
    </ClInclude>
    <ClInclude Include="include\Prediction\Normalization\BinNormalizer.h">
      <Filter>Header Files</Filter>
    </ClInclude>
    <ClInclude Include="include\Prediction\Normalization\GaussianNormalizer.h">
      <Filter>Header Files</Filter>
    </ClInclude>
    <ClInclude Include="include\Prediction\Normalization\MinMaxNormalizer.h">
      <Filter>Header Files</Filter>
    </ClInclude>
    <ClInclude Include="include\Prediction\Normalization\Normalizer.h">
      <Filter>Header Files</Filter>
    </ClInclude>
    <ClInclude Include="include\Prediction\Normalization\NormalizerFactory.h">
      <Filter>Header Files</Filter>
    </ClInclude>
    <ClInclude Include="include\Prediction\Instances\instances_util.h">
      <Filter>Header Files</Filter>
    </ClInclude>
    <ClInclude Include="include\Tools\FeatureStatus.h">
      <Filter>Header Files</Filter>
    </ClInclude>
    <ClInclude Include="include\Utils\FeatureStatus.h">
      <Filter>Header Files</Filter>
    </ClInclude>
    <ClInclude Include="include\MLCore\IterativeTrainer.h">
      <Filter>Header Files</Filter>
    </ClInclude>
    <ClInclude Include="include\MLCore\Predictor.h">
      <Filter>Header Files</Filter>
    </ClInclude>
    <ClInclude Include="include\MLCore\Trainer.h">
      <Filter>Header Files</Filter>
    </ClInclude>
    <ClInclude Include="include\MLCore\TrainerFactory.h">
      <Filter>Header Files</Filter>
    </ClInclude>
    <ClInclude Include="include\Prediction\Calibrate\ICalibrator.h">
      <Filter>Header Files</Filter>
    </ClInclude>
    <ClInclude Include="include\Predictors\LinearPredictor.h">
      <Filter>Header Files</Filter>
    </ClInclude>
    <ClInclude Include="include\Trainers\SVM\LinearSVM.h">
      <Filter>Header Files</Filter>
    </ClInclude>
    <ClInclude Include="include\Prediction\Calibrate\Calibrator.h">
      <Filter>Header Files</Filter>
    </ClInclude>
    <ClInclude Include="include\Prediction\Calibrate\ICalibrateTrainer.h">
      <Filter>Header Files</Filter>
    </ClInclude>
    <ClInclude Include="include\Prediction\Calibrate\Calibration.h">
      <Filter>Header Files</Filter>
    </ClInclude>
    <ClInclude Include="include\Prediction\Calibrate\SigmoidCalibrator.h">
      <Filter>Header Files</Filter>
    </ClInclude>
    <ClInclude Include="include\Prediction\Calibrate\CalibratorFactory.h">
      <Filter>Header Files</Filter>
    </ClInclude>
    <ClInclude Include="include\Prediction\Calibrate\NaiveCalibrator.h">
      <Filter>Header Files</Filter>
    </ClInclude>
    <ClInclude Include="include\Prediction\Calibrate\PAVCalibrator.h">
      <Filter>Header Files</Filter>
    </ClInclude>
    <ClInclude Include="include\Predictors\PredictorFactory.h">
      <Filter>Header Files</Filter>
    </ClInclude>
    <ClInclude Include="include\Predictors\BoostedTreePredictor.h">
      <Filter>Header Files</Filter>
    </ClInclude>
    <ClInclude Include="include\Predictors\FastRankPredictor.h">
      <Filter>Header Files</Filter>
    </ClInclude>
    <ClInclude Include="include\Trainers\BoostedTree\RegressionTree.h">
      <Filter>Header Files</Filter>
    </ClInclude>
    <ClInclude Include="include\Trainers\FastRank\RegressionTree.h">
      <Filter>Header Files</Filter>
    </ClInclude>
    <ClInclude Include="include\Wrapper\PredictorFactory.h">
      <Filter>Header Files</Filter>
    </ClInclude>
    <ClInclude Include="include\Wrapper\SharedPredictor.h">
      <Filter>Header Files</Filter>
    </ClInclude>
    <ClInclude Include="include\Wrapper\SharedPredictors.h">
      <Filter>Header Files</Filter>
    </ClInclude>
    <ClInclude Include="include\PythonWrapper\Predictor.h">
      <Filter>Header Files</Filter>
    </ClInclude>
    <ClInclude Include="include\PythonWrapper\PredictorFactory.h">
      <Filter>Header Files</Filter>
    </ClInclude>
    <ClInclude Include="include\Trainers\FastRank\OnlineRegressionTree.h">
      <Filter>Header Files</Filter>
    </ClInclude>
    <ClInclude Include="include\Utils\performance_evaluate.h">
      <Filter>Header Files</Filter>
    </ClInclude>
  </ItemGroup>
</Project>