<?xml version="1.0" encoding="utf-8"?>
<Project ToolsVersion="4.0" xmlns="http://schemas.microsoft.com/developer/msbuild/2003">
  <ItemGroup>
    <Filter Include="Source Files">
      <UniqueIdentifier>{4FC737F1-C7A5-4376-A066-2A32D752A2FF}</UniqueIdentifier>
      <Extensions>cpp;c;cc;cxx;def;odl;idl;hpj;bat;asm;asmx</Extensions>
    </Filter>
    <Filter Include="Header Files">
      <UniqueIdentifier>{93995380-89BD-4b04-88EB-625FBE52EBFB}</UniqueIdentifier>
      <Extensions>h;hh;hpp;hxx;hm;inl;inc;xsd</Extensions>
    </Filter>
    <Filter Include="Resource Files">
      <UniqueIdentifier>{67DA6AB6-F800-4c08-8B7A-83BB121AAD01}</UniqueIdentifier>
      <Extensions>rc;ico;cur;bmp;dlg;rc2;rct;bin;rgs;gif;jpg;jpeg;jpe;resx;tiff;tif;png;wav;mfcribbon-ms</Extensions>
    </Filter>
  </ItemGroup>
  <ItemGroup>
    <ClCompile Include="src\Prediction\Instances\InstanceParser.cpp">
      <Filter>Source Files</Filter>
    </ClCompile>
    <ClCompile Include="src\Run\Melt.cpp">
      <Filter>Source Files</Filter>
    </ClCompile>
    <ClCompile Include="src\Prediction\Trainers\LinearSVM.cpp">
      <Filter>Source Files</Filter>
    </ClCompile>
    <ClCompile Include="src\Wrapper\PredictorFactory.cpp">
      <Filter>Source Files</Filter>
    </ClCompile>
    <ClCompile Include="src\PythonWrapper\Predictor.cpp">
      <Filter>Source Files</Filter>
    </ClCompile>
    <ClCompile Include="src\PythonWrapper\PredictorFactory.cpp">
      <Filter>Source Files</Filter>
    </ClCompile>
    <ClCompile Include="tools3\fastrank_predict.cc">
      <Filter>Source Files</Filter>
    </ClCompile>
    <ClCompile Include="src\Simple\Predictor.cpp">
      <Filter>Source Files</Filter>
    </ClCompile>
    <ClCompile Include="src\Simple\PredictorFactory.cpp">
      <Filter>Source Files</Filter>
    </ClCompile>
    <ClCompile Include="tools3\PLSA\plsa.cc">
      <Filter>Source Files</Filter>
    </ClCompile>
    <ClCompile Include="tools3\melt.cc">
      <Filter>Source Files</Filter>
    </ClCompile>
    <ClCompile Include="src\Testers\ClassifierTester.cpp">
      <Filter>Source Files</Filter>
    </ClCompile>
    <ClCompile Include="src\Prediction\Normalization\BinNormalizer.cpp">
      <Filter>Source Files</Filter>
    </ClCompile>
    <ClCompile Include="src\vowpalwabbit\accumulate.cc">
      <Filter>Source Files</Filter>
    </ClCompile>
    <ClCompile Include="src\vowpalwabbit\active.cc">
      <Filter>Source Files</Filter>
    </ClCompile>
    <ClCompile Include="src\vowpalwabbit\active_interactor.cc">
      <Filter>Source Files</Filter>
    </ClCompile>
    <ClCompile Include="src\vowpalwabbit\allreduce.cc">
      <Filter>Source Files</Filter>
    </ClCompile>
    <ClCompile Include="src\vowpalwabbit\autolink.cc">
      <Filter>Source Files</Filter>
    </ClCompile>
    <ClCompile Include="src\vowpalwabbit\bfgs.cc">
      <Filter>Source Files</Filter>
    </ClCompile>
    <ClCompile Include="src\vowpalwabbit\binary.cc">
      <Filter>Source Files</Filter>
    </ClCompile>
    <ClCompile Include="src\vowpalwabbit\bs.cc">
      <Filter>Source Files</Filter>
    </ClCompile>
    <ClCompile Include="src\vowpalwabbit\cache.cc">
      <Filter>Source Files</Filter>
    </ClCompile>
    <ClCompile Include="src\vowpalwabbit\cb.cc">
      <Filter>Source Files</Filter>
    </ClCompile>
    <ClCompile Include="src\vowpalwabbit\cb_algs.cc">
      <Filter>Source Files</Filter>
    </ClCompile>
    <ClCompile Include="src\vowpalwabbit\cbify.cc">
      <Filter>Source Files</Filter>
    </ClCompile>
    <ClCompile Include="src\vowpalwabbit\cost_sensitive.cc">
      <Filter>Source Files</Filter>
    </ClCompile>
    <ClCompile Include="src\vowpalwabbit\csoaa.cc">
      <Filter>Source Files</Filter>
    </ClCompile>
    <ClCompile Include="src\vowpalwabbit\ect.cc">
      <Filter>Source Files</Filter>
    </ClCompile>
    <ClCompile Include="src\vowpalwabbit\example.cc">
      <Filter>Source Files</Filter>
    </ClCompile>
    <ClCompile Include="src\vowpalwabbit\gd.cc">
      <Filter>Source Files</Filter>
    </ClCompile>
    <ClCompile Include="src\vowpalwabbit\gd_mf.cc">
      <Filter>Source Files</Filter>
    </ClCompile>
    <ClCompile Include="src\vowpalwabbit\global_data.cc">
      <Filter>Source Files</Filter>
    </ClCompile>
    <ClCompile Include="src\vowpalwabbit\hash.cc">
      <Filter>Source Files</Filter>
    </ClCompile>
    <ClCompile Include="src\vowpalwabbit\io_buf.cc">
      <Filter>Source Files</Filter>
    </ClCompile>
    <ClCompile Include="src\vowpalwabbit\kernel_svm.cc">
      <Filter>Source Files</Filter>
    </ClCompile>
    <ClCompile Include="src\vowpalwabbit\lda_core.cc">
      <Filter>Source Files</Filter>
    </ClCompile>
    <ClCompile Include="src\vowpalwabbit\learner.cc">
      <Filter>Source Files</Filter>
    </ClCompile>
    <ClCompile Include="src\vowpalwabbit\log_multi.cc">
      <Filter>Source Files</Filter>
    </ClCompile>
    <ClCompile Include="src\vowpalwabbit\loss_functions.cc">
      <Filter>Source Files</Filter>
    </ClCompile>
    <ClCompile Include="src\vowpalwabbit\lrq.cc">
      <Filter>Source Files</Filter>
    </ClCompile>
    <ClCompile Include="src\vowpalwabbit\main.cc">
      <Filter>Source Files</Filter>
    </ClCompile>
    <ClCompile Include="src\vowpalwabbit\memory.cc">
      <Filter>Source Files</Filter>
    </ClCompile>
    <ClCompile Include="src\vowpalwabbit\mf.cc">
      <Filter>Source Files</Filter>
    </ClCompile>
    <ClCompile Include="src\vowpalwabbit\multiclass.cc">
      <Filter>Source Files</Filter>
    </ClCompile>
    <ClCompile Include="src\vowpalwabbit\network.cc">
      <Filter>Source Files</Filter>
    </ClCompile>
    <ClCompile Include="src\vowpalwabbit\nn.cc">
      <Filter>Source Files</Filter>
    </ClCompile>
    <ClCompile Include="src\vowpalwabbit\noop.cc">
      <Filter>Source Files</Filter>
    </ClCompile>
    <ClCompile Include="src\vowpalwabbit\oaa.cc">
      <Filter>Source Files</Filter>
    </ClCompile>
    <ClCompile Include="src\vowpalwabbit\parse_args.cc">
      <Filter>Source Files</Filter>
    </ClCompile>
    <ClCompile Include="src\vowpalwabbit\parse_example.cc">
      <Filter>Source Files</Filter>
    </ClCompile>
    <ClCompile Include="src\vowpalwabbit\parse_primitives.cc">
      <Filter>Source Files</Filter>
    </ClCompile>
    <ClCompile Include="src\vowpalwabbit\parse_regressor.cc">
      <Filter>Source Files</Filter>
    </ClCompile>
    <ClCompile Include="src\vowpalwabbit\parser.cc">
      <Filter>Source Files</Filter>
    </ClCompile>
    <ClCompile Include="src\vowpalwabbit\print.cc">
      <Filter>Source Files</Filter>
    </ClCompile>
    <ClCompile Include="src\vowpalwabbit\rand48.cc">
      <Filter>Source Files</Filter>
    </ClCompile>
    <ClCompile Include="src\vowpalwabbit\scorer.cc">
      <Filter>Source Files</Filter>
    </ClCompile>
    <ClCompile Include="src\vowpalwabbit\search.cc">
      <Filter>Source Files</Filter>
    </ClCompile>
    <ClCompile Include="src\vowpalwabbit\search_dep_parser.cc">
      <Filter>Source Files</Filter>
    </ClCompile>
    <ClCompile Include="src\vowpalwabbit\search_entityrelationtask.cc">
      <Filter>Source Files</Filter>
    </ClCompile>
    <ClCompile Include="src\vowpalwabbit\search_hooktask.cc">
      <Filter>Source Files</Filter>
    </ClCompile>
    <ClCompile Include="src\vowpalwabbit\search_multiclasstask.cc">
      <Filter>Source Files</Filter>
    </ClCompile>
    <ClCompile Include="src\vowpalwabbit\search_sequencetask.cc">
      <Filter>Source Files</Filter>
    </ClCompile>
    <ClCompile Include="src\vowpalwabbit\sender.cc">
      <Filter>Source Files</Filter>
    </ClCompile>
    <ClCompile Include="src\vowpalwabbit\simple_label.cc">
      <Filter>Source Files</Filter>
    </ClCompile>
    <ClCompile Include="src\vowpalwabbit\stagewise_poly.cc">
      <Filter>Source Files</Filter>
    </ClCompile>
    <ClCompile Include="src\vowpalwabbit\topk.cc">
      <Filter>Source Files</Filter>
    </ClCompile>
    <ClCompile Include="src\vowpalwabbit\unique_sort.cc">
      <Filter>Source Files</Filter>
    </ClCompile>
    <ClCompile Include="src\sofia\sf-data-set.cc">
      <Filter>Source Files</Filter>
    </ClCompile>
    <ClCompile Include="src\sofia\sf-data-set_test.cc">
      <Filter>Source Files</Filter>
    </ClCompile>
    <ClCompile Include="src\sofia\sf-hash-inline.cc">
      <Filter>Source Files</Filter>
    </ClCompile>
    <ClCompile Include="src\sofia\sf-hash-inline_test.cc">
      <Filter>Source Files</Filter>
    </ClCompile>
    <ClCompile Include="src\sofia\sf-hash-weight-vector.cc">
      <Filter>Source Files</Filter>
    </ClCompile>
    <ClCompile Include="src\sofia\sf-sparse-vector.cc">
      <Filter>Source Files</Filter>
    </ClCompile>
    <ClCompile Include="src\sofia\sf-sparse-vector_test.cc">
      <Filter>Source Files</Filter>
    </ClCompile>
    <ClCompile Include="src\sofia\sf-weight-vector.cc">
      <Filter>Source Files</Filter>
    </ClCompile>
    <ClCompile Include="src\sofia\sf-weight-vector_test.cc">
      <Filter>Source Files</Filter>
    </ClCompile>
    <ClCompile Include="src\sofia\simple-cmd-line-helper_test.cc">
      <Filter>Source Files</Filter>
    </ClCompile>
    <ClCompile Include="src\sofia\sofia-ml.cc">
      <Filter>Source Files</Filter>
    </ClCompile>
    <ClCompile Include="src\sofia\sofia-ml-methods.cc">
      <Filter>Source Files</Filter>
    </ClCompile>
    <ClCompile Include="src\sofia\sofia-ml-methods_test.cc">
      <Filter>Source Files</Filter>
    </ClCompile>
    <ClCompile Include="src\sofia\main\sofia-ml.cc">
      <Filter>Source Files</Filter>
    </ClCompile>
    <ClCompile Include="src\vowpalwabbit\main\active_interactor.cc">
      <Filter>Source Files</Filter>
    </ClCompile>
    <ClCompile Include="src\vowpalwabbit\main\main.cc">
      <Filter>Source Files</Filter>
    </ClCompile>
    <ClCompile Include="src\vowpalwabbit\vwdll.cpp">
      <Filter>Source Files</Filter>
    </ClCompile>
    <ClCompile Include="main\liblinear\predict.c">
      <Filter>Source Files</Filter>
    </ClCompile>
    <ClCompile Include="main\liblinear\train.c">
      <Filter>Source Files</Filter>
    </ClCompile>
    <ClCompile Include="src\blas\daxpy.c">
      <Filter>Source Files</Filter>
    </ClCompile>
    <ClCompile Include="src\blas\ddot.c">
      <Filter>Source Files</Filter>
    </ClCompile>
    <ClCompile Include="src\blas\dnrm2.c">
      <Filter>Source Files</Filter>
    </ClCompile>
    <ClCompile Include="src\blas\dscal.c">
      <Filter>Source Files</Filter>
    </ClCompile>
    <ClCompile Include="src\liblinear\linear.cpp">
      <Filter>Source Files</Filter>
    </ClCompile>
    <ClCompile Include="src\liblinear\tron.cpp">
      <Filter>Source Files</Filter>
    </ClCompile>
    <ClCompile Include="melt.cc">
      <Filter>Source Files</Filter>
    </ClCompile>
    <ClCompile Include="src\Predictors\LibSVMPredictor.cpp">
      <Filter>Source Files</Filter>
    </ClCompile>
    <ClCompile Include="src\Predictors\VWPredictor.cpp">
      <Filter>Source Files</Filter>
    </ClCompile>
    <ClCompile Include="src\libsvm\svm.cpp">
      <Filter>Source Files</Filter>
    </ClCompile>
    <ClCompile Include="main\libsvm\svm-predict.c">
      <Filter>Source Files</Filter>
    </ClCompile>
    <ClCompile Include="main\libsvm\svm-scale.c">
      <Filter>Source Files</Filter>
    </ClCompile>
    <ClCompile Include="main\libsvm\svm-train.c">
      <Filter>Source Files</Filter>
    </ClCompile>
    <ClCompile Include="test\test_active_select.cc">
      <Filter>Source Files</Filter>
    </ClCompile>
    <ClCompile Include="test\test_auc.cc">
      <Filter>Source Files</Filter>
    </ClCompile>
    <ClCompile Include="test\test_bins.cc">
      <Filter>Source Files</Filter>
    </ClCompile>
    <ClCompile Include="test\test_fastrank_classification.cc">
      <Filter>Source Files</Filter>
    </ClCompile>
    <ClCompile Include="test\test_fastrank_loadtlc.cc">
      <Filter>Source Files</Filter>
    </ClCompile>
    <ClCompile Include="test\test_fastrank_train.cc">
      <Filter>Source Files</Filter>
    </ClCompile>
    <ClCompile Include="test\test_linearsvm_train.cc">
      <Filter>Source Files</Filter>
    </ClCompile>
    <ClCompile Include="test\test_load_libsvm.cc">
      <Filter>Source Files</Filter>
    </ClCompile>
    <ClCompile Include="test\test_normalize.cc">
      <Filter>Source Files</Filter>
    </ClCompile>
    <ClCompile Include="test\test_normalize_copy.cc">
      <Filter>Source Files</Filter>
    </ClCompile>
    <ClCompile Include="test\test_parse_input.cc">
      <Filter>Source Files</Filter>
    </ClCompile>
    <ClCompile Include="test\test_plsa.cc">
      <Filter>Source Files</Filter>
    </ClCompile>
    <ClCompile Include="test\test_seralize.cc">
      <Filter>Source Files</Filter>
    </ClCompile>
    <ClCompile Include="test\test_seralize2.cc">
      <Filter>Source Files</Filter>
    </ClCompile>
    <ClCompile Include="test\test_shared_predictors.cc">
      <Filter>Source Files</Filter>
    </ClCompile>
    <ClCompile Include="test\test_sim.cc">
      <Filter>Source Files</Filter>
    </ClCompile>
    <ClCompile Include="test\test_vector.cc">
      <Filter>Source Files</Filter>
    </ClCompile>
    <ClCompile Include="test\test_vw_read_example.cc">
      <Filter>Source Files</Filter>
    </ClCompile>
    <ClCompile Include="tools\melt.cc">
      <Filter>Source Files</Filter>
    </ClCompile>
    <ClCompile Include="tools\fastrank_predict.cc">
      <Filter>Source Files</Filter>
    </ClCompile>
  </ItemGroup>
  <ItemGroup>
    <ClInclude Include="include\MLCore\IPredictor.h">
      <Filter>Header Files</Filter>
    </ClInclude>
    <ClInclude Include="include\MLCore\ITrainer.h">
      <Filter>Header Files</Filter>
    </ClInclude>
    <ClInclude Include="include\MLCore\ITrainerFactory.h">
      <Filter>Header Files</Filter>
    </ClInclude>
    <ClInclude Include="include\Numeric\Vector\Vector.h">
      <Filter>Header Files</Filter>
    </ClInclude>
    <ClInclude Include="include\Prediction\Instances\HeaderSchema.h">
      <Filter>Header Files</Filter>
    </ClInclude>
    <ClInclude Include="include\Prediction\Instances\Instance.h">
      <Filter>Header Files</Filter>
    </ClInclude>
    <ClInclude Include="include\Prediction\Instances\InstanceParser.h">
      <Filter>Header Files</Filter>
    </ClInclude>
    <ClInclude Include="include\Prediction\Instances\Instances.h">
      <Filter>Header Files</Filter>
    </ClInclude>
    <ClInclude Include="include\Predictors\FastRank\FastRankClassification.h">
      <Filter>Header Files</Filter>
    </ClInclude>
    <ClInclude Include="include\Predictors\FastRank\FastRankRanking.h">
      <Filter>Header Files</Filter>
    </ClInclude>
    <ClInclude Include="include\Predictors\FastRank\FastRankRegression.h">
      <Filter>Header Files</Filter>
    </ClInclude>
    <ClInclude Include="include\Run\CVFoldCreator.h">
      <Filter>Header Files</Filter>
    </ClInclude>
    <ClInclude Include="include\Run\MeltArguments.h">
      <Filter>Header Files</Filter>
    </ClInclude>
    <ClInclude Include="include\Run\Melt.h">
      <Filter>Header Files</Filter>
    </ClInclude>
    <ClInclude Include="include\Prediction\Normalization\AffineNormalizer.h">
      <Filter>Header Files</Filter>
    </ClInclude>
    <ClInclude Include="include\Prediction\Normalization\BinNormalizer.h">
      <Filter>Header Files</Filter>
    </ClInclude>
    <ClInclude Include="include\Prediction\Normalization\GaussianNormalizer.h">
      <Filter>Header Files</Filter>
    </ClInclude>
    <ClInclude Include="include\Prediction\Normalization\MinMaxNormalizer.h">
      <Filter>Header Files</Filter>
    </ClInclude>
    <ClInclude Include="include\Prediction\Normalization\Normalizer.h">
      <Filter>Header Files</Filter>
    </ClInclude>
    <ClInclude Include="include\Prediction\Normalization\NormalizerFactory.h">
      <Filter>Header Files</Filter>
    </ClInclude>
    <ClInclude Include="include\Prediction\Instances\instances_util.h">
      <Filter>Header Files</Filter>
    </ClInclude>
    <ClInclude Include="include\Tools\FeatureStatus.h">
      <Filter>Header Files</Filter>
    </ClInclude>
    <ClInclude Include="include\Utils\FeatureStatus.h">
      <Filter>Header Files</Filter>
    </ClInclude>
    <ClInclude Include="include\MLCore\IterativeTrainer.h">
      <Filter>Header Files</Filter>
    </ClInclude>
    <ClInclude Include="include\MLCore\Predictor.h">
      <Filter>Header Files</Filter>
    </ClInclude>
    <ClInclude Include="include\MLCore\Trainer.h">
      <Filter>Header Files</Filter>
    </ClInclude>
    <ClInclude Include="include\MLCore\TrainerFactory.h">
      <Filter>Header Files</Filter>
    </ClInclude>
    <ClInclude Include="include\Prediction\Calibrate\ICalibrator.h">
      <Filter>Header Files</Filter>
    </ClInclude>
    <ClInclude Include="include\Predictors\LinearPredictor.h">
      <Filter>Header Files</Filter>
    </ClInclude>
    <ClInclude Include="include\Trainers\SVM\LinearSVM.h">
      <Filter>Header Files</Filter>
    </ClInclude>
    <ClInclude Include="include\Prediction\Calibrate\Calibrator.h">
      <Filter>Header Files</Filter>
    </ClInclude>
    <ClInclude Include="include\Prediction\Calibrate\ICalibrateTrainer.h">
      <Filter>Header Files</Filter>
    </ClInclude>
    <ClInclude Include="include\Prediction\Calibrate\Calibration.h">
      <Filter>Header Files</Filter>
    </ClInclude>
    <ClInclude Include="include\Prediction\Calibrate\SigmoidCalibrator.h">
      <Filter>Header Files</Filter>
    </ClInclude>
    <ClInclude Include="include\Prediction\Calibrate\CalibratorFactory.h">
      <Filter>Header Files</Filter>
    </ClInclude>
    <ClInclude Include="include\Prediction\Calibrate\NaiveCalibrator.h">
      <Filter>Header Files</Filter>
    </ClInclude>
    <ClInclude Include="include\Prediction\Calibrate\PAVCalibrator.h">
      <Filter>Header Files</Filter>
    </ClInclude>
    <ClInclude Include="include\Predictors\PredictorFactory.h">
      <Filter>Header Files</Filter>
    </ClInclude>
    <ClInclude Include="include\Predictors\BoostedTreePredictor.h">
      <Filter>Header Files</Filter>
    </ClInclude>
    <ClInclude Include="include\Predictors\FastRankPredictor.h">
      <Filter>Header Files</Filter>
    </ClInclude>
    <ClInclude Include="include\Trainers\BoostedTree\RegressionTree.h">
      <Filter>Header Files</Filter>
    </ClInclude>
    <ClInclude Include="include\Trainers\FastRank\RegressionTree.h">
      <Filter>Header Files</Filter>
    </ClInclude>
    <ClInclude Include="include\Wrapper\PredictorFactory.h">
      <Filter>Header Files</Filter>
    </ClInclude>
    <ClInclude Include="include\Wrapper\SharedPredictor.h">
      <Filter>Header Files</Filter>
    </ClInclude>
    <ClInclude Include="include\Wrapper\SharedPredictors.h">
      <Filter>Header Files</Filter>
    </ClInclude>
    <ClInclude Include="include\PythonWrapper\Predictor.h">
      <Filter>Header Files</Filter>
    </ClInclude>
    <ClInclude Include="include\PythonWrapper\PredictorFactory.h">
      <Filter>Header Files</Filter>
    </ClInclude>
    <ClInclude Include="include\Trainers\FastRank\OnlineRegressionTree.h">
      <Filter>Header Files</Filter>
    </ClInclude>
    <ClInclude Include="include\Utils\performance_evaluate.h">
      <Filter>Header Files</Filter>
    </ClInclude>
    <ClInclude Include="include\TopicModel\PLSA\plsa.h">
      <Filter>Header Files</Filter>
    </ClInclude>
    <ClInclude Include="include\TopicModel\PLSA\PLSAModel.h">
      <Filter>Header Files</Filter>
    </ClInclude>
    <ClInclude Include="include\MLCore\PredictorFactory.h">
      <Filter>Header Files</Filter>
    </ClInclude>
    <ClInclude Include="include\Predictors\RandomPredictor.h">
      <Filter>Header Files</Filter>
    </ClInclude>
    <ClInclude Include="include\MLCore\TextPredictor.h">
      <Filter>Header Files</Filter>
    </ClInclude>
    <ClInclude Include="include\Prediction\Instances\FeatureNamesVector.h">
      <Filter>Header Files</Filter>
    </ClInclude>
    <ClInclude Include="include\Testers\ClassifierTester.h">
      <Filter>Header Files</Filter>
    </ClInclude>
    <ClInclude Include="include\Testers\DatasetMetrics.h">
      <Filter>Header Files</Filter>
    </ClInclude>
    <ClInclude Include="include\Testers\MulticlassTester.h">
      <Filter>Header Files</Filter>
    </ClInclude>
    <ClInclude Include="include\Testers\MultioutputRegressorTester.h">
      <Filter>Header Files</Filter>
    </ClInclude>
    <ClInclude Include="include\Testers\RankerTester.h">
      <Filter>Header Files</Filter>
    </ClInclude>
    <ClInclude Include="include\Testers\RegressorTester.h">
      <Filter>Header Files</Filter>
    </ClInclude>
    <ClInclude Include="include\Testers\Tester.h">
      <Filter>Header Files</Filter>
    </ClInclude>
    <ClInclude Include="include\Utils\PredictorUtils.h">
      <Filter>Header Files</Filter>
    </ClInclude>
    <ClInclude Include="include\vowpalwabbit\accumulate.h">
      <Filter>Header Files</Filter>
    </ClInclude>
    <ClInclude Include="include\vowpalwabbit\active.h">
      <Filter>Header Files</Filter>
    </ClInclude>
    <ClInclude Include="include\vowpalwabbit\allreduce.h">
      <Filter>Header Files</Filter>
    </ClInclude>
    <ClInclude Include="include\vowpalwabbit\autolink.h">
      <Filter>Header Files</Filter>
    </ClInclude>
    <ClInclude Include="include\vowpalwabbit\bfgs.h">
      <Filter>Header Files</Filter>
    </ClInclude>
    <ClInclude Include="include\vowpalwabbit\binary.h">
      <Filter>Header Files</Filter>
    </ClInclude>
    <ClInclude Include="include\vowpalwabbit\bs.h">
      <Filter>Header Files</Filter>
    </ClInclude>
    <ClInclude Include="include\vowpalwabbit\cache.h">
      <Filter>Header Files</Filter>
    </ClInclude>
    <ClInclude Include="include\vowpalwabbit\cb.h">
      <Filter>Header Files</Filter>
    </ClInclude>
    <ClInclude Include="include\vowpalwabbit\cb_algs.h">
      <Filter>Header Files</Filter>
    </ClInclude>
    <ClInclude Include="include\vowpalwabbit\cbify.h">
      <Filter>Header Files</Filter>
    </ClInclude>
    <ClInclude Include="include\vowpalwabbit\comp_io.h">
      <Filter>Header Files</Filter>
    </ClInclude>
    <ClInclude Include="include\vowpalwabbit\config.h">
      <Filter>Header Files</Filter>
    </ClInclude>
    <ClInclude Include="include\vowpalwabbit\constant.h">
      <Filter>Header Files</Filter>
    </ClInclude>
    <ClInclude Include="include\vowpalwabbit\cost_sensitive.h">
      <Filter>Header Files</Filter>
    </ClInclude>
    <ClInclude Include="include\vowpalwabbit\csoaa.h">
      <Filter>Header Files</Filter>
    </ClInclude>
    <ClInclude Include="include\vowpalwabbit\ect.h">
      <Filter>Header Files</Filter>
    </ClInclude>
    <ClInclude Include="include\vowpalwabbit\example.h">
      <Filter>Header Files</Filter>
    </ClInclude>
    <ClInclude Include="include\vowpalwabbit\ezexample.h">
      <Filter>Header Files</Filter>
    </ClInclude>
    <ClInclude Include="include\vowpalwabbit\gd.h">
      <Filter>Header Files</Filter>
    </ClInclude>
    <ClInclude Include="include\vowpalwabbit\gd_mf.h">
      <Filter>Header Files</Filter>
    </ClInclude>
    <ClInclude Include="include\vowpalwabbit\global_data.h">
      <Filter>Header Files</Filter>
    </ClInclude>
    <ClInclude Include="include\vowpalwabbit\hash.h">
      <Filter>Header Files</Filter>
    </ClInclude>
    <ClInclude Include="include\vowpalwabbit\io_buf.h">
      <Filter>Header Files</Filter>
    </ClInclude>
    <ClInclude Include="include\vowpalwabbit\kernel_svm.h">
      <Filter>Header Files</Filter>
    </ClInclude>
    <ClInclude Include="include\vowpalwabbit\lda_core.h">
      <Filter>Header Files</Filter>
    </ClInclude>
    <ClInclude Include="include\vowpalwabbit\learner.h">
      <Filter>Header Files</Filter>
    </ClInclude>
    <ClInclude Include="include\vowpalwabbit\log_multi.h">
      <Filter>Header Files</Filter>
    </ClInclude>
    <ClInclude Include="include\vowpalwabbit\loss_functions.h">
      <Filter>Header Files</Filter>
    </ClInclude>
    <ClInclude Include="include\vowpalwabbit\lrq.h">
      <Filter>Header Files</Filter>
    </ClInclude>
    <ClInclude Include="include\vowpalwabbit\memory.h">
      <Filter>Header Files</Filter>
    </ClInclude>
    <ClInclude Include="include\vowpalwabbit\mf.h">
      <Filter>Header Files</Filter>
    </ClInclude>
    <ClInclude Include="include\vowpalwabbit\multiclass.h">
      <Filter>Header Files</Filter>
    </ClInclude>
    <ClInclude Include="include\vowpalwabbit\network.h">
      <Filter>Header Files</Filter>
    </ClInclude>
    <ClInclude Include="include\vowpalwabbit\nn.h">
      <Filter>Header Files</Filter>
    </ClInclude>
    <ClInclude Include="include\vowpalwabbit\noop.h">
      <Filter>Header Files</Filter>
    </ClInclude>
    <ClInclude Include="include\vowpalwabbit\oaa.h">
      <Filter>Header Files</Filter>
    </ClInclude>
    <ClInclude Include="include\vowpalwabbit\parse_args.h">
      <Filter>Header Files</Filter>
    </ClInclude>
    <ClInclude Include="include\vowpalwabbit\parse_example.h">
      <Filter>Header Files</Filter>
    </ClInclude>
    <ClInclude Include="include\vowpalwabbit\parse_primitives.h">
      <Filter>Header Files</Filter>
    </ClInclude>
    <ClInclude Include="include\vowpalwabbit\parse_regressor.h">
      <Filter>Header Files</Filter>
    </ClInclude>
    <ClInclude Include="include\vowpalwabbit\parser.h">
      <Filter>Header Files</Filter>
    </ClInclude>
    <ClInclude Include="include\vowpalwabbit\print.h">
      <Filter>Header Files</Filter>
    </ClInclude>
    <ClInclude Include="include\vowpalwabbit\rand48.h">
      <Filter>Header Files</Filter>
    </ClInclude>
    <ClInclude Include="include\vowpalwabbit\reductions.h">
      <Filter>Header Files</Filter>
    </ClInclude>
    <ClInclude Include="include\vowpalwabbit\scorer.h">
      <Filter>Header Files</Filter>
    </ClInclude>
    <ClInclude Include="include\vowpalwabbit\search.h">
      <Filter>Header Files</Filter>
    </ClInclude>
    <ClInclude Include="include\vowpalwabbit\search_dep_parser.h">
      <Filter>Header Files</Filter>
    </ClInclude>
    <ClInclude Include="include\vowpalwabbit\search_entityrelationtask.h">
      <Filter>Header Files</Filter>
    </ClInclude>
    <ClInclude Include="include\vowpalwabbit\search_hooktask.h">
      <Filter>Header Files</Filter>
    </ClInclude>
    <ClInclude Include="include\vowpalwabbit\search_multiclasstask.h">
      <Filter>Header Files</Filter>
    </ClInclude>
    <ClInclude Include="include\vowpalwabbit\search_sequencetask.h">
      <Filter>Header Files</Filter>
    </ClInclude>
    <ClInclude Include="include\vowpalwabbit\sender.h">
      <Filter>Header Files</Filter>
    </ClInclude>
    <ClInclude Include="include\vowpalwabbit\simple_label.h">
      <Filter>Header Files</Filter>
    </ClInclude>
    <ClInclude Include="include\vowpalwabbit\stagewise_poly.h">
      <Filter>Header Files</Filter>
    </ClInclude>
    <ClInclude Include="include\vowpalwabbit\topk.h">
      <Filter>Header Files</Filter>
    </ClInclude>
    <ClInclude Include="include\vowpalwabbit\unique_sort.h">
      <Filter>Header Files</Filter>
    </ClInclude>
    <ClInclude Include="include\vowpalwabbit\v_array.h">
      <Filter>Header Files</Filter>
    </ClInclude>
    <ClInclude Include="include\vowpalwabbit\v_hashmap.h">
      <Filter>Header Files</Filter>
    </ClInclude>
    <ClInclude Include="include\vowpalwabbit\vw.h">
      <Filter>Header Files</Filter>
    </ClInclude>
    <ClInclude Include="include\vowpalwabbit\vwdll.h">
      <Filter>Header Files</Filter>
    </ClInclude>
    <ClInclude Include="include\sofia\sf-data-set.h">
      <Filter>Header Files</Filter>
    </ClInclude>
    <ClInclude Include="include\sofia\sf-hash-inline.h">
      <Filter>Header Files</Filter>
    </ClInclude>
    <ClInclude Include="include\sofia\sf-hash-weight-vector.h">
      <Filter>Header Files</Filter>
    </ClInclude>
    <ClInclude Include="include\sofia\sf-sparse-vector.h">
      <Filter>Header Files</Filter>
    </ClInclude>
    <ClInclude Include="include\sofia\sf-weight-vector.h">
      <Filter>Header Files</Filter>
    </ClInclude>
    <ClInclude Include="include\sofia\simple-cmd-line-helper.h">
      <Filter>Header Files</Filter>
    </ClInclude>
    <ClInclude Include="include\sofia\sofia-ml-methods.h">
      <Filter>Header Files</Filter>
    </ClInclude>
    <ClInclude Include="include\Predictors\LibLinearPredictor.h">
      <Filter>Header Files</Filter>
    </ClInclude>
    <ClInclude Include="include\Predictors\LibSVMPredictor.h">
      <Filter>Header Files</Filter>
    </ClInclude>
    <ClInclude Include="include\Predictors\SofiaPredictor.h">
      <Filter>Header Files</Filter>
    </ClInclude>
    <ClInclude Include="include\Predictors\VWPredictor.h">
      <Filter>Header Files</Filter>
    </ClInclude>
    <ClInclude Include="include\liblinear\linear.h">
      <Filter>Header Files</Filter>
    </ClInclude>
    <ClInclude Include="include\liblinear\tron.h">
      <Filter>Header Files</Filter>
    </ClInclude>
    <ClInclude Include="include\blas\blas.h">
      <Filter>Header Files</Filter>
    </ClInclude>
    <ClInclude Include="include\blas\blasp.h">
      <Filter>Header Files</Filter>
    </ClInclude>
    <ClInclude Include="include\Predictors\ThirdPredictor.h">
      <Filter>Header Files</Filter>
    </ClInclude>
    <ClInclude Include="include\libsvm\svm.h">
      <Filter>Header Files</Filter>
    </ClInclude>
    <ClInclude Include="include\Predictors\EnsemblePredictor.h">
      <Filter>Header Files</Filter>
    </ClInclude>
    <ClInclude Include="include\Testers\testers.h">
      <Filter>Header Files</Filter>
    </ClInclude>
  </ItemGroup>
  <ItemGroup>
    <None Include="packages.config" />
  </ItemGroup>
</Project>